{
  "requires": true,
  "lockfileVersion": 1,
  "dependencies": {
    "acorn": {
      "version": "5.2.1",
      "resolved": "https://registry.npmjs.org/acorn/-/acorn-5.2.1.tgz",
      "integrity": "sha512-jG0u7c4Ly+3QkkW18V+NRDN+4bWHdln30NL1ZL2AvFZZmQe/BfopYCtghCKKVBUSetZ4QKcyA0pY6/4Gw8Pv8w=="
    },
    "gpu.js": {
      "version": "1.0.0-rc.6",
      "resolved": "https://registry.npmjs.org/gpu.js/-/gpu.js-1.0.0-rc.6.tgz",
      "integrity": "sha1-kcPHn21K87zZaBYMiPz3O7DMQKw=",
      "requires": {
        "acorn": "5.2.1"
      }
    }
  }
}
